
Microsoft Visual Studio Solution File, Format Version 12.00
# Visual Studio Version 16
VisualStudioVersion = 16.0.30709.132
MinimumVisualStudioVersion = 10.0.40219.1
Project("{FAE04EC0-301F-11D3-BF4B-00C04F79EFBC}") = "Testbench", "Testbench\Testbench.csproj", "{E88D6A9A-5A9F-4B25-935A-B310F95A2ECE}"
EndProject
Project("{FAE04EC0-301F-11D3-BF4B-00C04F79EFBC}") = "BindScript", "BindScript\BindScript.csproj", "{D4B3D28F-7B0F-4A86-81D2-9D88C2CE3E5F}"
EndProject
Global
	GlobalSection(SolutionConfigurationPlatforms) = preSolution
		Debug|Any CPU = Debug|Any CPU
		Debug|ARM = Debug|ARM
		Debug|ARM64 = Debug|ARM64
		Debug|x64 = Debug|x64
		Debug|x86 = Debug|x86
		Release|Any CPU = Release|Any CPU
		Release|ARM = Release|ARM
		Release|ARM64 = Release|ARM64
		Release|x64 = Release|x64
		Release|x86 = Release|x86
	EndGlobalSection
	GlobalSection(ProjectConfigurationPlatforms) = postSolution
		{E88D6A9A-5A9F-4B25-935A-B310F95A2ECE}.Debug|Any CPU.ActiveCfg = Debug|x86
		{E88D6A9A-5A9F-4B25-935A-B310F95A2ECE}.Debug|ARM.ActiveCfg = Debug|ARM
		{E88D6A9A-5A9F-4B25-935A-B310F95A2ECE}.Debug|ARM.Build.0 = Debug|ARM
		{E88D6A9A-5A9F-4B25-935A-B310F95A2ECE}.Debug|ARM.Deploy.0 = Debug|ARM
		{E88D6A9A-5A9F-4B25-935A-B310F95A2ECE}.Debug|ARM64.ActiveCfg = Debug|ARM64
		{E88D6A9A-5A9F-4B25-935A-B310F95A2ECE}.Debug|ARM64.Build.0 = Debug|ARM64
		{E88D6A9A-5A9F-4B25-935A-B310F95A2ECE}.Debug|ARM64.Deploy.0 = Debug|ARM64
		{E88D6A9A-5A9F-4B25-935A-B310F95A2ECE}.Debug|x64.ActiveCfg = Debug|x64
		{E88D6A9A-5A9F-4B25-935A-B310F95A2ECE}.Debug|x64.Build.0 = Debug|x64
		{E88D6A9A-5A9F-4B25-935A-B310F95A2ECE}.Debug|x64.Deploy.0 = Debug|x64
		{E88D6A9A-5A9F-4B25-935A-B310F95A2ECE}.Debug|x86.ActiveCfg = Debug|x86
		{E88D6A9A-5A9F-4B25-935A-B310F95A2ECE}.Debug|x86.Build.0 = Debug|x86
		{E88D6A9A-5A9F-4B25-935A-B310F95A2ECE}.Debug|x86.Deploy.0 = Debug|x86
		{E88D6A9A-5A9F-4B25-935A-B310F95A2ECE}.Release|Any CPU.ActiveCfg = Release|x86
		{E88D6A9A-5A9F-4B25-935A-B310F95A2ECE}.Release|ARM.ActiveCfg = Release|ARM
		{E88D6A9A-5A9F-4B25-935A-B310F95A2ECE}.Release|ARM.Build.0 = Release|ARM
		{E88D6A9A-5A9F-4B25-935A-B310F95A2ECE}.Release|ARM.Deploy.0 = Release|ARM
		{E88D6A9A-5A9F-4B25-935A-B310F95A2ECE}.Release|ARM64.ActiveCfg = Release|ARM64
		{E88D6A9A-5A9F-4B25-935A-B310F95A2ECE}.Release|ARM64.Build.0 = Release|ARM64
		{E88D6A9A-5A9F-4B25-935A-B310F95A2ECE}.Release|ARM64.Deploy.0 = Release|ARM64
		{E88D6A9A-5A9F-4B25-935A-B310F95A2ECE}.Release|x64.ActiveCfg = Release|x64
		{E88D6A9A-5A9F-4B25-935A-B310F95A2ECE}.Release|x64.Build.0 = Release|x64
		{E88D6A9A-5A9F-4B25-935A-B310F95A2ECE}.Release|x64.Deploy.0 = Release|x64
		{E88D6A9A-5A9F-4B25-935A-B310F95A2ECE}.Release|x86.ActiveCfg = Release|x86
		{E88D6A9A-5A9F-4B25-935A-B310F95A2ECE}.Release|x86.Build.0 = Release|x86
		{E88D6A9A-5A9F-4B25-935A-B310F95A2ECE}.Release|x86.Deploy.0 = Release|x86
		{D4B3D28F-7B0F-4A86-81D2-9D88C2CE3E5F}.Debug|Any CPU.ActiveCfg = Debug|Any CPU
		{D4B3D28F-7B0F-4A86-81D2-9D88C2CE3E5F}.Debug|Any CPU.Build.0 = Debug|Any CPU
		{D4B3D28F-7B0F-4A86-81D2-9D88C2CE3E5F}.Debug|ARM.ActiveCfg = Debug|ARM
		{D4B3D28F-7B0F-4A86-81D2-9D88C2CE3E5F}.Debug|ARM.Build.0 = Debug|ARM
		{D4B3D28F-7B0F-4A86-81D2-9D88C2CE3E5F}.Debug|ARM64.ActiveCfg = Debug|ARM64
		{D4B3D28F-7B0F-4A86-81D2-9D88C2CE3E5F}.Debug|ARM64.Build.0 = Debug|ARM64
		{D4B3D28F-7B0F-4A86-81D2-9D88C2CE3E5F}.Debug|x64.ActiveCfg = Debug|x64
		{D4B3D28F-7B0F-4A86-81D2-9D88C2CE3E5F}.Debug|x64.Build.0 = Debug|x64
		{D4B3D28F-7B0F-4A86-81D2-9D88C2CE3E5F}.Debug|x86.ActiveCfg = Debug|x86
		{D4B3D28F-7B0F-4A86-81D2-9D88C2CE3E5F}.Debug|x86.Build.0 = Debug|x86
		{D4B3D28F-7B0F-4A86-81D2-9D88C2CE3E5F}.Release|Any CPU.ActiveCfg = Release|Any CPU
		{D4B3D28F-7B0F-4A86-81D2-9D88C2CE3E5F}.Release|Any CPU.Build.0 = Release|Any CPU
		{D4B3D28F-7B0F-4A86-81D2-9D88C2CE3E5F}.Release|ARM.ActiveCfg = Release|ARM
		{D4B3D28F-7B0F-4A86-81D2-9D88C2CE3E5F}.Release|ARM.Build.0 = Release|ARM
		{D4B3D28F-7B0F-4A86-81D2-9D88C2CE3E5F}.Release|ARM64.ActiveCfg = Release|ARM64
		{D4B3D28F-7B0F-4A86-81D2-9D88C2CE3E5F}.Release|ARM64.Build.0 = Release|ARM64
		{D4B3D28F-7B0F-4A86-81D2-9D88C2CE3E5F}.Release|x64.ActiveCfg = Release|x64
		{D4B3D28F-7B0F-4A86-81D2-9D88C2CE3E5F}.Release|x64.Build.0 = Release|x64
		{D4B3D28F-7B0F-4A86-81D2-9D88C2CE3E5F}.Release|x86.ActiveCfg = Release|x86
		{D4B3D28F-7B0F-4A86-81D2-9D88C2CE3E5F}.Release|x86.Build.0 = Release|x86
	EndGlobalSection
	GlobalSection(SolutionProperties) = preSolution
		HideSolutionNode = FALSE
	EndGlobalSection
	GlobalSection(ExtensibilityGlobals) = postSolution
		SolutionGuid = {F76A0F7D-08F9-49E7-89EF-915B1792556C}
	EndGlobalSection
EndGlobal
