
Microsoft Visual Studio Solution File, Format Version 12.00
# Visual Studio Version 16
VisualStudioVersion = 16.0.30907.101
MinimumVisualStudioVersion = 10.0.40219.1
Project("{9A19103F-16F7-4668-BE54-9A1E7A4F7556}") = "VooDo", "VooDo\VooDo.csproj", "{EEEFA80A-DD1D-4867-831E-06DD1B0D4CD4}"
EndProject
Project("{2150E333-8FDC-42A3-9474-1A3956D46DE8}") = "Testbench", "Testbench", "{E3B5C2A7-2D03-4DCC-94A1-17A30704DBC0}"
EndProject
Project("{C7167F0D-BC9F-4E6E-AFE1-012C56B48DB5}") = "Desktop (Package)", "Testbench\Desktop\Desktop (Package)\Desktop (Package).wapproj", "{3D755A7F-66E8-4FFC-8BB8-4BAFE1F597F5}"
EndProject
Project("{9A19103F-16F7-4668-BE54-9A1E7A4F7556}") = "Desktop", "Testbench\Desktop\Desktop\Desktop.csproj", "{9EA0C4CE-3FB8-4687-8338-2138A0557B97}"
EndProject
Project("{C7167F0D-BC9F-4E6E-AFE1-012C56B48DB5}") = "Console (Package)", "Testbench\Console\Console (Package)\Console (Package).wapproj", "{F77958BD-41D3-44ED-B8BE-AB4DC07FABD0}"
EndProject
Project("{9A19103F-16F7-4668-BE54-9A1E7A4F7556}") = "Console", "Testbench\Console\Console\Console.csproj", "{B352D946-8E9E-4F85-9269-3EA4929F3CE5}"
EndProject
Project("{2150E333-8FDC-42A3-9474-1A3956D46DE8}") = "Solution Items", "Solution Items", "{9B51D198-EBCE-41C9-936F-43FD7E74DFF4}"
	ProjectSection(SolutionItems) = preProject
		.editorconfig = .editorconfig
	EndProjectSection
EndProject
Project("{9A19103F-16F7-4668-BE54-9A1E7A4F7556}") = "VooDo.WinUI", "VooDo.WinUI\VooDo.WinUI.csproj", "{8D408940-2BC7-432D-9487-F264CCB7BC99}"
EndProject
Project("{9A19103F-16F7-4668-BE54-9A1E7A4F7556}") = "VooDo.Caching", "VooDo.Caching\VooDo.Caching.csproj", "{145D8A10-48C3-41AF-82AF-D4CE957B8C1B}"
EndProject
Project("{FAE04EC0-301F-11D3-BF4B-00C04F79EFBC}") = "VooDo.Runtime", "VooDo.Runtime\VooDo.Runtime.csproj", "{0A302884-2BCD-4C56-B0CE-992DC15767F7}"
EndProject
Global
	GlobalSection(SolutionConfigurationPlatforms) = preSolution
		Debug|Any CPU = Debug|Any CPU
		Debug|arm64 = Debug|arm64
		Debug|x64 = Debug|x64
		Debug|x86 = Debug|x86
		Release|Any CPU = Release|Any CPU
		Release|arm64 = Release|arm64
		Release|x64 = Release|x64
		Release|x86 = Release|x86
	EndGlobalSection
	GlobalSection(ProjectConfigurationPlatforms) = postSolution
		{EEEFA80A-DD1D-4867-831E-06DD1B0D4CD4}.Debug|Any CPU.ActiveCfg = Debug|Any CPU
		{EEEFA80A-DD1D-4867-831E-06DD1B0D4CD4}.Debug|Any CPU.Build.0 = Debug|Any CPU
		{EEEFA80A-DD1D-4867-831E-06DD1B0D4CD4}.Debug|arm64.ActiveCfg = Debug|Any CPU
		{EEEFA80A-DD1D-4867-831E-06DD1B0D4CD4}.Debug|arm64.Build.0 = Debug|Any CPU
		{EEEFA80A-DD1D-4867-831E-06DD1B0D4CD4}.Debug|x64.ActiveCfg = Debug|Any CPU
		{EEEFA80A-DD1D-4867-831E-06DD1B0D4CD4}.Debug|x64.Build.0 = Debug|Any CPU
		{EEEFA80A-DD1D-4867-831E-06DD1B0D4CD4}.Debug|x86.ActiveCfg = Debug|Any CPU
		{EEEFA80A-DD1D-4867-831E-06DD1B0D4CD4}.Debug|x86.Build.0 = Debug|Any CPU
		{EEEFA80A-DD1D-4867-831E-06DD1B0D4CD4}.Release|Any CPU.ActiveCfg = Release|Any CPU
		{EEEFA80A-DD1D-4867-831E-06DD1B0D4CD4}.Release|Any CPU.Build.0 = Release|Any CPU
		{EEEFA80A-DD1D-4867-831E-06DD1B0D4CD4}.Release|arm64.ActiveCfg = Release|Any CPU
		{EEEFA80A-DD1D-4867-831E-06DD1B0D4CD4}.Release|arm64.Build.0 = Release|Any CPU
		{EEEFA80A-DD1D-4867-831E-06DD1B0D4CD4}.Release|x64.ActiveCfg = Release|Any CPU
		{EEEFA80A-DD1D-4867-831E-06DD1B0D4CD4}.Release|x64.Build.0 = Release|Any CPU
		{EEEFA80A-DD1D-4867-831E-06DD1B0D4CD4}.Release|x86.ActiveCfg = Release|Any CPU
		{EEEFA80A-DD1D-4867-831E-06DD1B0D4CD4}.Release|x86.Build.0 = Release|Any CPU
		{3D755A7F-66E8-4FFC-8BB8-4BAFE1F597F5}.Debug|Any CPU.ActiveCfg = Debug|x86
		{3D755A7F-66E8-4FFC-8BB8-4BAFE1F597F5}.Debug|arm64.ActiveCfg = Debug|arm64
		{3D755A7F-66E8-4FFC-8BB8-4BAFE1F597F5}.Debug|arm64.Build.0 = Debug|arm64
		{3D755A7F-66E8-4FFC-8BB8-4BAFE1F597F5}.Debug|arm64.Deploy.0 = Debug|arm64
		{3D755A7F-66E8-4FFC-8BB8-4BAFE1F597F5}.Debug|x64.ActiveCfg = Debug|x64
		{3D755A7F-66E8-4FFC-8BB8-4BAFE1F597F5}.Debug|x64.Build.0 = Debug|x64
		{3D755A7F-66E8-4FFC-8BB8-4BAFE1F597F5}.Debug|x64.Deploy.0 = Debug|x64
		{3D755A7F-66E8-4FFC-8BB8-4BAFE1F597F5}.Debug|x86.ActiveCfg = Debug|x86
		{3D755A7F-66E8-4FFC-8BB8-4BAFE1F597F5}.Debug|x86.Build.0 = Debug|x86
		{3D755A7F-66E8-4FFC-8BB8-4BAFE1F597F5}.Debug|x86.Deploy.0 = Debug|x86
		{3D755A7F-66E8-4FFC-8BB8-4BAFE1F597F5}.Release|Any CPU.ActiveCfg = Release|x86
		{3D755A7F-66E8-4FFC-8BB8-4BAFE1F597F5}.Release|arm64.ActiveCfg = Release|arm64
		{3D755A7F-66E8-4FFC-8BB8-4BAFE1F597F5}.Release|arm64.Build.0 = Release|arm64
		{3D755A7F-66E8-4FFC-8BB8-4BAFE1F597F5}.Release|arm64.Deploy.0 = Release|arm64
		{3D755A7F-66E8-4FFC-8BB8-4BAFE1F597F5}.Release|x64.ActiveCfg = Release|x64
		{3D755A7F-66E8-4FFC-8BB8-4BAFE1F597F5}.Release|x64.Build.0 = Release|x64
		{3D755A7F-66E8-4FFC-8BB8-4BAFE1F597F5}.Release|x64.Deploy.0 = Release|x64
		{3D755A7F-66E8-4FFC-8BB8-4BAFE1F597F5}.Release|x86.ActiveCfg = Release|x86
		{3D755A7F-66E8-4FFC-8BB8-4BAFE1F597F5}.Release|x86.Build.0 = Release|x86
		{3D755A7F-66E8-4FFC-8BB8-4BAFE1F597F5}.Release|x86.Deploy.0 = Release|x86
		{9EA0C4CE-3FB8-4687-8338-2138A0557B97}.Debug|Any CPU.ActiveCfg = Debug|x86
		{9EA0C4CE-3FB8-4687-8338-2138A0557B97}.Debug|arm64.ActiveCfg = Debug|arm64
		{9EA0C4CE-3FB8-4687-8338-2138A0557B97}.Debug|arm64.Build.0 = Debug|arm64
		{9EA0C4CE-3FB8-4687-8338-2138A0557B97}.Debug|x64.ActiveCfg = Debug|x64
		{9EA0C4CE-3FB8-4687-8338-2138A0557B97}.Debug|x64.Build.0 = Debug|x64
		{9EA0C4CE-3FB8-4687-8338-2138A0557B97}.Debug|x86.ActiveCfg = Debug|x86
		{9EA0C4CE-3FB8-4687-8338-2138A0557B97}.Debug|x86.Build.0 = Debug|x86
		{9EA0C4CE-3FB8-4687-8338-2138A0557B97}.Release|Any CPU.ActiveCfg = Release|x86
		{9EA0C4CE-3FB8-4687-8338-2138A0557B97}.Release|arm64.ActiveCfg = Release|arm64
		{9EA0C4CE-3FB8-4687-8338-2138A0557B97}.Release|arm64.Build.0 = Release|arm64
		{9EA0C4CE-3FB8-4687-8338-2138A0557B97}.Release|x64.ActiveCfg = Release|x64
		{9EA0C4CE-3FB8-4687-8338-2138A0557B97}.Release|x64.Build.0 = Release|x64
		{9EA0C4CE-3FB8-4687-8338-2138A0557B97}.Release|x86.ActiveCfg = Release|x86
		{9EA0C4CE-3FB8-4687-8338-2138A0557B97}.Release|x86.Build.0 = Release|x86
		{F77958BD-41D3-44ED-B8BE-AB4DC07FABD0}.Debug|Any CPU.ActiveCfg = Debug|x86
		{F77958BD-41D3-44ED-B8BE-AB4DC07FABD0}.Debug|arm64.ActiveCfg = Debug|arm64
		{F77958BD-41D3-44ED-B8BE-AB4DC07FABD0}.Debug|arm64.Build.0 = Debug|arm64
		{F77958BD-41D3-44ED-B8BE-AB4DC07FABD0}.Debug|arm64.Deploy.0 = Debug|arm64
		{F77958BD-41D3-44ED-B8BE-AB4DC07FABD0}.Debug|x64.ActiveCfg = Debug|x64
		{F77958BD-41D3-44ED-B8BE-AB4DC07FABD0}.Debug|x64.Build.0 = Debug|x64
		{F77958BD-41D3-44ED-B8BE-AB4DC07FABD0}.Debug|x64.Deploy.0 = Debug|x64
		{F77958BD-41D3-44ED-B8BE-AB4DC07FABD0}.Debug|x86.ActiveCfg = Debug|x86
		{F77958BD-41D3-44ED-B8BE-AB4DC07FABD0}.Debug|x86.Build.0 = Debug|x86
		{F77958BD-41D3-44ED-B8BE-AB4DC07FABD0}.Debug|x86.Deploy.0 = Debug|x86
		{F77958BD-41D3-44ED-B8BE-AB4DC07FABD0}.Release|Any CPU.ActiveCfg = Release|x86
		{F77958BD-41D3-44ED-B8BE-AB4DC07FABD0}.Release|arm64.ActiveCfg = Release|arm64
		{F77958BD-41D3-44ED-B8BE-AB4DC07FABD0}.Release|arm64.Build.0 = Release|arm64
		{F77958BD-41D3-44ED-B8BE-AB4DC07FABD0}.Release|arm64.Deploy.0 = Release|arm64
		{F77958BD-41D3-44ED-B8BE-AB4DC07FABD0}.Release|x64.ActiveCfg = Release|x64
		{F77958BD-41D3-44ED-B8BE-AB4DC07FABD0}.Release|x64.Build.0 = Release|x64
		{F77958BD-41D3-44ED-B8BE-AB4DC07FABD0}.Release|x64.Deploy.0 = Release|x64
		{F77958BD-41D3-44ED-B8BE-AB4DC07FABD0}.Release|x86.ActiveCfg = Release|x86
		{F77958BD-41D3-44ED-B8BE-AB4DC07FABD0}.Release|x86.Build.0 = Release|x86
		{F77958BD-41D3-44ED-B8BE-AB4DC07FABD0}.Release|x86.Deploy.0 = Release|x86
		{B352D946-8E9E-4F85-9269-3EA4929F3CE5}.Debug|Any CPU.ActiveCfg = Debug|x86
		{B352D946-8E9E-4F85-9269-3EA4929F3CE5}.Debug|arm64.ActiveCfg = Debug|arm64
		{B352D946-8E9E-4F85-9269-3EA4929F3CE5}.Debug|arm64.Build.0 = Debug|arm64
		{B352D946-8E9E-4F85-9269-3EA4929F3CE5}.Debug|x64.ActiveCfg = Debug|x64
		{B352D946-8E9E-4F85-9269-3EA4929F3CE5}.Debug|x64.Build.0 = Debug|x64
		{B352D946-8E9E-4F85-9269-3EA4929F3CE5}.Debug|x86.ActiveCfg = Debug|x86
		{B352D946-8E9E-4F85-9269-3EA4929F3CE5}.Debug|x86.Build.0 = Debug|x86
		{B352D946-8E9E-4F85-9269-3EA4929F3CE5}.Release|Any CPU.ActiveCfg = Release|x86
		{B352D946-8E9E-4F85-9269-3EA4929F3CE5}.Release|arm64.ActiveCfg = Release|arm64
		{B352D946-8E9E-4F85-9269-3EA4929F3CE5}.Release|arm64.Build.0 = Release|arm64
		{B352D946-8E9E-4F85-9269-3EA4929F3CE5}.Release|x64.ActiveCfg = Release|x64
		{B352D946-8E9E-4F85-9269-3EA4929F3CE5}.Release|x64.Build.0 = Release|x64
		{B352D946-8E9E-4F85-9269-3EA4929F3CE5}.Release|x86.ActiveCfg = Release|x86
		{B352D946-8E9E-4F85-9269-3EA4929F3CE5}.Release|x86.Build.0 = Release|x86
		{8D408940-2BC7-432D-9487-F264CCB7BC99}.Debug|Any CPU.ActiveCfg = Debug|Any CPU
		{8D408940-2BC7-432D-9487-F264CCB7BC99}.Debug|Any CPU.Build.0 = Debug|Any CPU
		{8D408940-2BC7-432D-9487-F264CCB7BC99}.Debug|arm64.ActiveCfg = Debug|Any CPU
		{8D408940-2BC7-432D-9487-F264CCB7BC99}.Debug|arm64.Build.0 = Debug|Any CPU
		{8D408940-2BC7-432D-9487-F264CCB7BC99}.Debug|x64.ActiveCfg = Debug|Any CPU
		{8D408940-2BC7-432D-9487-F264CCB7BC99}.Debug|x64.Build.0 = Debug|Any CPU
		{8D408940-2BC7-432D-9487-F264CCB7BC99}.Debug|x86.ActiveCfg = Debug|Any CPU
		{8D408940-2BC7-432D-9487-F264CCB7BC99}.Debug|x86.Build.0 = Debug|Any CPU
		{8D408940-2BC7-432D-9487-F264CCB7BC99}.Release|Any CPU.ActiveCfg = Release|Any CPU
		{8D408940-2BC7-432D-9487-F264CCB7BC99}.Release|Any CPU.Build.0 = Release|Any CPU
		{8D408940-2BC7-432D-9487-F264CCB7BC99}.Release|arm64.ActiveCfg = Release|Any CPU
		{8D408940-2BC7-432D-9487-F264CCB7BC99}.Release|arm64.Build.0 = Release|Any CPU
		{8D408940-2BC7-432D-9487-F264CCB7BC99}.Release|x64.ActiveCfg = Release|Any CPU
		{8D408940-2BC7-432D-9487-F264CCB7BC99}.Release|x64.Build.0 = Release|Any CPU
		{8D408940-2BC7-432D-9487-F264CCB7BC99}.Release|x86.ActiveCfg = Release|Any CPU
		{8D408940-2BC7-432D-9487-F264CCB7BC99}.Release|x86.Build.0 = Release|Any CPU
		{145D8A10-48C3-41AF-82AF-D4CE957B8C1B}.Debug|Any CPU.ActiveCfg = Debug|Any CPU
		{145D8A10-48C3-41AF-82AF-D4CE957B8C1B}.Debug|Any CPU.Build.0 = Debug|Any CPU
		{145D8A10-48C3-41AF-82AF-D4CE957B8C1B}.Debug|arm64.ActiveCfg = Debug|Any CPU
		{145D8A10-48C3-41AF-82AF-D4CE957B8C1B}.Debug|arm64.Build.0 = Debug|Any CPU
		{145D8A10-48C3-41AF-82AF-D4CE957B8C1B}.Debug|x64.ActiveCfg = Debug|Any CPU
		{145D8A10-48C3-41AF-82AF-D4CE957B8C1B}.Debug|x64.Build.0 = Debug|Any CPU
		{145D8A10-48C3-41AF-82AF-D4CE957B8C1B}.Debug|x86.ActiveCfg = Debug|Any CPU
		{145D8A10-48C3-41AF-82AF-D4CE957B8C1B}.Debug|x86.Build.0 = Debug|Any CPU
		{145D8A10-48C3-41AF-82AF-D4CE957B8C1B}.Release|Any CPU.ActiveCfg = Release|Any CPU
		{145D8A10-48C3-41AF-82AF-D4CE957B8C1B}.Release|Any CPU.Build.0 = Release|Any CPU
		{145D8A10-48C3-41AF-82AF-D4CE957B8C1B}.Release|arm64.ActiveCfg = Release|Any CPU
		{145D8A10-48C3-41AF-82AF-D4CE957B8C1B}.Release|arm64.Build.0 = Release|Any CPU
		{145D8A10-48C3-41AF-82AF-D4CE957B8C1B}.Release|x64.ActiveCfg = Release|Any CPU
		{145D8A10-48C3-41AF-82AF-D4CE957B8C1B}.Release|x64.Build.0 = Release|Any CPU
		{145D8A10-48C3-41AF-82AF-D4CE957B8C1B}.Release|x86.ActiveCfg = Release|Any CPU
		{145D8A10-48C3-41AF-82AF-D4CE957B8C1B}.Release|x86.Build.0 = Release|Any CPU
		{0A302884-2BCD-4C56-B0CE-992DC15767F7}.Debug|Any CPU.ActiveCfg = Debug|Any CPU
		{0A302884-2BCD-4C56-B0CE-992DC15767F7}.Debug|Any CPU.Build.0 = Debug|Any CPU
		{0A302884-2BCD-4C56-B0CE-992DC15767F7}.Debug|arm64.ActiveCfg = Debug|Any CPU
		{0A302884-2BCD-4C56-B0CE-992DC15767F7}.Debug|arm64.Build.0 = Debug|Any CPU
		{0A302884-2BCD-4C56-B0CE-992DC15767F7}.Debug|x64.ActiveCfg = Debug|Any CPU
		{0A302884-2BCD-4C56-B0CE-992DC15767F7}.Debug|x64.Build.0 = Debug|Any CPU
		{0A302884-2BCD-4C56-B0CE-992DC15767F7}.Debug|x86.ActiveCfg = Debug|Any CPU
		{0A302884-2BCD-4C56-B0CE-992DC15767F7}.Debug|x86.Build.0 = Debug|Any CPU
		{0A302884-2BCD-4C56-B0CE-992DC15767F7}.Release|Any CPU.ActiveCfg = Release|Any CPU
		{0A302884-2BCD-4C56-B0CE-992DC15767F7}.Release|Any CPU.Build.0 = Release|Any CPU
		{0A302884-2BCD-4C56-B0CE-992DC15767F7}.Release|arm64.ActiveCfg = Release|Any CPU
		{0A302884-2BCD-4C56-B0CE-992DC15767F7}.Release|arm64.Build.0 = Release|Any CPU
		{0A302884-2BCD-4C56-B0CE-992DC15767F7}.Release|x64.ActiveCfg = Release|Any CPU
		{0A302884-2BCD-4C56-B0CE-992DC15767F7}.Release|x64.Build.0 = Release|Any CPU
		{0A302884-2BCD-4C56-B0CE-992DC15767F7}.Release|x86.ActiveCfg = Release|Any CPU
		{0A302884-2BCD-4C56-B0CE-992DC15767F7}.Release|x86.Build.0 = Release|Any CPU
	EndGlobalSection
	GlobalSection(SolutionProperties) = preSolution
		HideSolutionNode = FALSE
	EndGlobalSection
	GlobalSection(NestedProjects) = preSolution
		{3D755A7F-66E8-4FFC-8BB8-4BAFE1F597F5} = {E3B5C2A7-2D03-4DCC-94A1-17A30704DBC0}
		{9EA0C4CE-3FB8-4687-8338-2138A0557B97} = {E3B5C2A7-2D03-4DCC-94A1-17A30704DBC0}
		{F77958BD-41D3-44ED-B8BE-AB4DC07FABD0} = {E3B5C2A7-2D03-4DCC-94A1-17A30704DBC0}
		{B352D946-8E9E-4F85-9269-3EA4929F3CE5} = {E3B5C2A7-2D03-4DCC-94A1-17A30704DBC0}
	EndGlobalSection
	GlobalSection(ExtensibilityGlobals) = postSolution
		SolutionGuid = {4F1AF913-DA9D-4BD0-9DFB-7937D58CA61E}
	EndGlobalSection
EndGlobal
